
Microsoft Visual Studio Solution File, Format Version 12.00
# Visual Studio 2012
Project("{FAE04EC0-301F-11D3-BF4B-00C04F79EFBC}") = "MeteoRitBoard", "MeteoRitBoard\MeteoRitBoard.csproj", "{951F8A58-0F72-462F-8323-E4DD7B1809B5}"
EndProject
Project("{FAE04EC0-301F-11D3-BF4B-00C04F79EFBC}") = "MeteoRitRichClient", "MeteoRitRichClient\MeteoRitRichClient.csproj", "{501CBA21-B33A-40CB-A227-F026B4FFEDC2}"
EndProject
Project("{FAE04EC0-301F-11D3-BF4B-00C04F79EFBC}") = "XamarinCore", "XamarinCore\XamarinCore.csproj", "{747706F4-ECBF-4D50-8D72-B0DDCC18395C}"
EndProject
Project("{FAE04EC0-301F-11D3-BF4B-00C04F79EFBC}") = "Common", "Common\Common.csproj", "{70E2C640-3F26-4E65-A537-66992C91A87B}"
EndProject
Global
	GlobalSection(SolutionConfigurationPlatforms) = preSolution
		Debug|Any CPU = Debug|Any CPU
		Release|Any CPU = Release|Any CPU
	EndGlobalSection
	GlobalSection(ProjectConfigurationPlatforms) = postSolution
		{951F8A58-0F72-462F-8323-E4DD7B1809B5}.Debug|Any CPU.ActiveCfg = Debug|Any CPU
		{951F8A58-0F72-462F-8323-E4DD7B1809B5}.Debug|Any CPU.Build.0 = Debug|Any CPU
		{951F8A58-0F72-462F-8323-E4DD7B1809B5}.Release|Any CPU.ActiveCfg = Release|Any CPU
		{951F8A58-0F72-462F-8323-E4DD7B1809B5}.Release|Any CPU.Build.0 = Release|Any CPU
		{501CBA21-B33A-40CB-A227-F026B4FFEDC2}.Debug|Any CPU.ActiveCfg = Debug|Any CPU
		{501CBA21-B33A-40CB-A227-F026B4FFEDC2}.Debug|Any CPU.Build.0 = Debug|Any CPU
		{501CBA21-B33A-40CB-A227-F026B4FFEDC2}.Release|Any CPU.ActiveCfg = Release|Any CPU
		{501CBA21-B33A-40CB-A227-F026B4FFEDC2}.Release|Any CPU.Build.0 = Release|Any CPU
		{747706F4-ECBF-4D50-8D72-B0DDCC18395C}.Debug|Any CPU.ActiveCfg = Debug|Any CPU
		{747706F4-ECBF-4D50-8D72-B0DDCC18395C}.Debug|Any CPU.Build.0 = Debug|Any CPU
		{747706F4-ECBF-4D50-8D72-B0DDCC18395C}.Release|Any CPU.ActiveCfg = Release|Any CPU
		{747706F4-ECBF-4D50-8D72-B0DDCC18395C}.Release|Any CPU.Build.0 = Release|Any CPU
		{70E2C640-3F26-4E65-A537-66992C91A87B}.Debug|Any CPU.ActiveCfg = Debug|Any CPU
		{70E2C640-3F26-4E65-A537-66992C91A87B}.Debug|Any CPU.Build.0 = Debug|Any CPU
		{70E2C640-3F26-4E65-A537-66992C91A87B}.Release|Any CPU.ActiveCfg = Release|Any CPU
		{70E2C640-3F26-4E65-A537-66992C91A87B}.Release|Any CPU.Build.0 = Release|Any CPU
	EndGlobalSection
	GlobalSection(SolutionProperties) = preSolution
		HideSolutionNode = FALSE
	EndGlobalSection
EndGlobal
