
Microsoft Visual Studio Solution File, Format Version 12.00
# Visual Studio 2012
Project("{FAE04EC0-301F-11D3-BF4B-00C04F79EFBC}") = "MeteoRitBoard", "MeteoRitBoard\MeteoRitBoard.csproj", "{951F8A58-0F72-462F-8323-E4DD7B1809B5}"
EndProject
Project("{FAE04EC0-301F-11D3-BF4B-00C04F79EFBC}") = "MeteoRitRichClient", "MeteoRitRichClient\MeteoRitRichClient.csproj", "{501CBA21-B33A-40CB-A227-F026B4FFEDC2}"
EndProject
Project("{FAE04EC0-301F-11D3-BF4B-00C04F79EFBC}") = "XamarinForms", "XamarinForms\XamarinForms\XamarinForms.csproj", "{F3BA4DBE-C44D-41B8-A2CF-1465234E063A}"
EndProject
Project("{FAE04EC0-301F-11D3-BF4B-00C04F79EFBC}") = "XamarinForms.iOS", "XamarinForms\XamarinForms.iOS\XamarinForms.iOS.csproj", "{4FBC9007-788A-42FF-8BB9-E8DE6A233E75}"
EndProject
Project("{FAE04EC0-301F-11D3-BF4B-00C04F79EFBC}") = "XamarinForms.Android", "XamarinForms\XamarinForms.Android\XamarinForms.Android.csproj", "{B6979E99-BE43-4D9C-AB35-7A46F6560312}"
EndProject
Project("{FAE04EC0-301F-11D3-BF4B-00C04F79EFBC}") = "XamarinForms.WinPhone", "XamarinForms\XamarinForms.WinPhone\XamarinForms.WinPhone.csproj", "{E6A64750-EC3F-4CFD-AD17-FE10129373C7}"
EndProject
Project("{FAE04EC0-301F-11D3-BF4B-00C04F79EFBC}") = "Temp", "Temp\Temp.csproj", "{9C98D753-D2B9-4F9C-B38C-C52671C8ABC6}"
EndProject
Global
	GlobalSection(SolutionConfigurationPlatforms) = preSolution
		Ad-Hoc|Any CPU = Ad-Hoc|Any CPU
		Ad-Hoc|ARM = Ad-Hoc|ARM
		Ad-Hoc|iPhone = Ad-Hoc|iPhone
		Ad-Hoc|iPhoneSimulator = Ad-Hoc|iPhoneSimulator
		Ad-Hoc|Mixed Platforms = Ad-Hoc|Mixed Platforms
		Ad-Hoc|x86 = Ad-Hoc|x86
		AppStore|Any CPU = AppStore|Any CPU
		AppStore|ARM = AppStore|ARM
		AppStore|iPhone = AppStore|iPhone
		AppStore|iPhoneSimulator = AppStore|iPhoneSimulator
		AppStore|Mixed Platforms = AppStore|Mixed Platforms
		AppStore|x86 = AppStore|x86
		Debug|Any CPU = Debug|Any CPU
		Debug|ARM = Debug|ARM
		Debug|iPhone = Debug|iPhone
		Debug|iPhoneSimulator = Debug|iPhoneSimulator
		Debug|Mixed Platforms = Debug|Mixed Platforms
		Debug|x86 = Debug|x86
		Release|Any CPU = Release|Any CPU
		Release|ARM = Release|ARM
		Release|iPhone = Release|iPhone
		Release|iPhoneSimulator = Release|iPhoneSimulator
		Release|Mixed Platforms = Release|Mixed Platforms
		Release|x86 = Release|x86
	EndGlobalSection
	GlobalSection(ProjectConfigurationPlatforms) = postSolution
		{951F8A58-0F72-462F-8323-E4DD7B1809B5}.Ad-Hoc|Any CPU.ActiveCfg = Release|Any CPU
		{951F8A58-0F72-462F-8323-E4DD7B1809B5}.Ad-Hoc|Any CPU.Build.0 = Release|Any CPU
		{951F8A58-0F72-462F-8323-E4DD7B1809B5}.Ad-Hoc|Any CPU.Deploy.0 = Release|Any CPU
		{951F8A58-0F72-462F-8323-E4DD7B1809B5}.Ad-Hoc|ARM.ActiveCfg = Release|Any CPU
		{951F8A58-0F72-462F-8323-E4DD7B1809B5}.Ad-Hoc|iPhone.ActiveCfg = Release|Any CPU
		{951F8A58-0F72-462F-8323-E4DD7B1809B5}.Ad-Hoc|iPhoneSimulator.ActiveCfg = Release|Any CPU
		{951F8A58-0F72-462F-8323-E4DD7B1809B5}.Ad-Hoc|Mixed Platforms.ActiveCfg = Release|Any CPU
		{951F8A58-0F72-462F-8323-E4DD7B1809B5}.Ad-Hoc|Mixed Platforms.Build.0 = Release|Any CPU
		{951F8A58-0F72-462F-8323-E4DD7B1809B5}.Ad-Hoc|Mixed Platforms.Deploy.0 = Release|Any CPU
		{951F8A58-0F72-462F-8323-E4DD7B1809B5}.Ad-Hoc|x86.ActiveCfg = Release|Any CPU
		{951F8A58-0F72-462F-8323-E4DD7B1809B5}.AppStore|Any CPU.ActiveCfg = Release|Any CPU
		{951F8A58-0F72-462F-8323-E4DD7B1809B5}.AppStore|Any CPU.Build.0 = Release|Any CPU
		{951F8A58-0F72-462F-8323-E4DD7B1809B5}.AppStore|Any CPU.Deploy.0 = Release|Any CPU
		{951F8A58-0F72-462F-8323-E4DD7B1809B5}.AppStore|ARM.ActiveCfg = Release|Any CPU
		{951F8A58-0F72-462F-8323-E4DD7B1809B5}.AppStore|iPhone.ActiveCfg = Release|Any CPU
		{951F8A58-0F72-462F-8323-E4DD7B1809B5}.AppStore|iPhoneSimulator.ActiveCfg = Release|Any CPU
		{951F8A58-0F72-462F-8323-E4DD7B1809B5}.AppStore|Mixed Platforms.ActiveCfg = Release|Any CPU
		{951F8A58-0F72-462F-8323-E4DD7B1809B5}.AppStore|Mixed Platforms.Build.0 = Release|Any CPU
		{951F8A58-0F72-462F-8323-E4DD7B1809B5}.AppStore|Mixed Platforms.Deploy.0 = Release|Any CPU
		{951F8A58-0F72-462F-8323-E4DD7B1809B5}.AppStore|x86.ActiveCfg = Release|Any CPU
		{951F8A58-0F72-462F-8323-E4DD7B1809B5}.Debug|Any CPU.ActiveCfg = Debug|Any CPU
		{951F8A58-0F72-462F-8323-E4DD7B1809B5}.Debug|Any CPU.Build.0 = Debug|Any CPU
		{951F8A58-0F72-462F-8323-E4DD7B1809B5}.Debug|ARM.ActiveCfg = Debug|Any CPU
		{951F8A58-0F72-462F-8323-E4DD7B1809B5}.Debug|iPhone.ActiveCfg = Debug|Any CPU
		{951F8A58-0F72-462F-8323-E4DD7B1809B5}.Debug|iPhoneSimulator.ActiveCfg = Debug|Any CPU
		{951F8A58-0F72-462F-8323-E4DD7B1809B5}.Debug|Mixed Platforms.ActiveCfg = Debug|Any CPU
		{951F8A58-0F72-462F-8323-E4DD7B1809B5}.Debug|Mixed Platforms.Build.0 = Debug|Any CPU
		{951F8A58-0F72-462F-8323-E4DD7B1809B5}.Debug|Mixed Platforms.Deploy.0 = Debug|Any CPU
		{951F8A58-0F72-462F-8323-E4DD7B1809B5}.Debug|x86.ActiveCfg = Debug|Any CPU
		{951F8A58-0F72-462F-8323-E4DD7B1809B5}.Release|Any CPU.ActiveCfg = Release|Any CPU
		{951F8A58-0F72-462F-8323-E4DD7B1809B5}.Release|Any CPU.Build.0 = Release|Any CPU
		{951F8A58-0F72-462F-8323-E4DD7B1809B5}.Release|ARM.ActiveCfg = Release|Any CPU
		{951F8A58-0F72-462F-8323-E4DD7B1809B5}.Release|iPhone.ActiveCfg = Release|Any CPU
		{951F8A58-0F72-462F-8323-E4DD7B1809B5}.Release|iPhoneSimulator.ActiveCfg = Release|Any CPU
		{951F8A58-0F72-462F-8323-E4DD7B1809B5}.Release|Mixed Platforms.ActiveCfg = Release|Any CPU
		{951F8A58-0F72-462F-8323-E4DD7B1809B5}.Release|Mixed Platforms.Build.0 = Release|Any CPU
		{951F8A58-0F72-462F-8323-E4DD7B1809B5}.Release|Mixed Platforms.Deploy.0 = Release|Any CPU
		{951F8A58-0F72-462F-8323-E4DD7B1809B5}.Release|x86.ActiveCfg = Release|Any CPU
		{501CBA21-B33A-40CB-A227-F026B4FFEDC2}.Ad-Hoc|Any CPU.ActiveCfg = Release|Any CPU
		{501CBA21-B33A-40CB-A227-F026B4FFEDC2}.Ad-Hoc|Any CPU.Build.0 = Release|Any CPU
		{501CBA21-B33A-40CB-A227-F026B4FFEDC2}.Ad-Hoc|ARM.ActiveCfg = Release|Any CPU
		{501CBA21-B33A-40CB-A227-F026B4FFEDC2}.Ad-Hoc|iPhone.ActiveCfg = Release|Any CPU
		{501CBA21-B33A-40CB-A227-F026B4FFEDC2}.Ad-Hoc|iPhoneSimulator.ActiveCfg = Release|Any CPU
		{501CBA21-B33A-40CB-A227-F026B4FFEDC2}.Ad-Hoc|Mixed Platforms.ActiveCfg = Release|Any CPU
		{501CBA21-B33A-40CB-A227-F026B4FFEDC2}.Ad-Hoc|Mixed Platforms.Build.0 = Release|Any CPU
		{501CBA21-B33A-40CB-A227-F026B4FFEDC2}.Ad-Hoc|x86.ActiveCfg = Release|Any CPU
		{501CBA21-B33A-40CB-A227-F026B4FFEDC2}.AppStore|Any CPU.ActiveCfg = Release|Any CPU
		{501CBA21-B33A-40CB-A227-F026B4FFEDC2}.AppStore|Any CPU.Build.0 = Release|Any CPU
		{501CBA21-B33A-40CB-A227-F026B4FFEDC2}.AppStore|ARM.ActiveCfg = Release|Any CPU
		{501CBA21-B33A-40CB-A227-F026B4FFEDC2}.AppStore|iPhone.ActiveCfg = Release|Any CPU
		{501CBA21-B33A-40CB-A227-F026B4FFEDC2}.AppStore|iPhoneSimulator.ActiveCfg = Release|Any CPU
		{501CBA21-B33A-40CB-A227-F026B4FFEDC2}.AppStore|Mixed Platforms.ActiveCfg = Release|Any CPU
		{501CBA21-B33A-40CB-A227-F026B4FFEDC2}.AppStore|Mixed Platforms.Build.0 = Release|Any CPU
		{501CBA21-B33A-40CB-A227-F026B4FFEDC2}.AppStore|x86.ActiveCfg = Release|Any CPU
		{501CBA21-B33A-40CB-A227-F026B4FFEDC2}.Debug|Any CPU.ActiveCfg = Debug|Any CPU
		{501CBA21-B33A-40CB-A227-F026B4FFEDC2}.Debug|Any CPU.Build.0 = Debug|Any CPU
		{501CBA21-B33A-40CB-A227-F026B4FFEDC2}.Debug|ARM.ActiveCfg = Debug|Any CPU
		{501CBA21-B33A-40CB-A227-F026B4FFEDC2}.Debug|iPhone.ActiveCfg = Debug|Any CPU
		{501CBA21-B33A-40CB-A227-F026B4FFEDC2}.Debug|iPhoneSimulator.ActiveCfg = Debug|Any CPU
		{501CBA21-B33A-40CB-A227-F026B4FFEDC2}.Debug|Mixed Platforms.ActiveCfg = Debug|Any CPU
		{501CBA21-B33A-40CB-A227-F026B4FFEDC2}.Debug|Mixed Platforms.Build.0 = Debug|Any CPU
		{501CBA21-B33A-40CB-A227-F026B4FFEDC2}.Debug|x86.ActiveCfg = Debug|Any CPU
		{501CBA21-B33A-40CB-A227-F026B4FFEDC2}.Release|Any CPU.ActiveCfg = Release|Any CPU
		{501CBA21-B33A-40CB-A227-F026B4FFEDC2}.Release|Any CPU.Build.0 = Release|Any CPU
		{501CBA21-B33A-40CB-A227-F026B4FFEDC2}.Release|ARM.ActiveCfg = Release|Any CPU
		{501CBA21-B33A-40CB-A227-F026B4FFEDC2}.Release|iPhone.ActiveCfg = Release|Any CPU
		{501CBA21-B33A-40CB-A227-F026B4FFEDC2}.Release|iPhoneSimulator.ActiveCfg = Release|Any CPU
		{501CBA21-B33A-40CB-A227-F026B4FFEDC2}.Release|Mixed Platforms.ActiveCfg = Release|Any CPU
		{501CBA21-B33A-40CB-A227-F026B4FFEDC2}.Release|Mixed Platforms.Build.0 = Release|Any CPU
		{501CBA21-B33A-40CB-A227-F026B4FFEDC2}.Release|x86.ActiveCfg = Release|Any CPU
		{747706F4-ECBF-4D50-8D72-B0DDCC18395C}.Ad-Hoc|Any CPU.ActiveCfg = Release|Any CPU
		{747706F4-ECBF-4D50-8D72-B0DDCC18395C}.Ad-Hoc|Any CPU.Build.0 = Release|Any CPU
		{747706F4-ECBF-4D50-8D72-B0DDCC18395C}.Ad-Hoc|ARM.ActiveCfg = Release|Any CPU
		{747706F4-ECBF-4D50-8D72-B0DDCC18395C}.Ad-Hoc|iPhone.ActiveCfg = Release|Any CPU
		{747706F4-ECBF-4D50-8D72-B0DDCC18395C}.Ad-Hoc|iPhoneSimulator.ActiveCfg = Release|Any CPU
		{747706F4-ECBF-4D50-8D72-B0DDCC18395C}.Ad-Hoc|Mixed Platforms.ActiveCfg = Release|Any CPU
		{747706F4-ECBF-4D50-8D72-B0DDCC18395C}.Ad-Hoc|Mixed Platforms.Build.0 = Release|Any CPU
		{747706F4-ECBF-4D50-8D72-B0DDCC18395C}.Ad-Hoc|x86.ActiveCfg = Release|Any CPU
		{747706F4-ECBF-4D50-8D72-B0DDCC18395C}.AppStore|Any CPU.ActiveCfg = Release|Any CPU
		{747706F4-ECBF-4D50-8D72-B0DDCC18395C}.AppStore|Any CPU.Build.0 = Release|Any CPU
		{747706F4-ECBF-4D50-8D72-B0DDCC18395C}.AppStore|ARM.ActiveCfg = Release|Any CPU
		{747706F4-ECBF-4D50-8D72-B0DDCC18395C}.AppStore|iPhone.ActiveCfg = Release|Any CPU
		{747706F4-ECBF-4D50-8D72-B0DDCC18395C}.AppStore|iPhoneSimulator.ActiveCfg = Release|Any CPU
		{747706F4-ECBF-4D50-8D72-B0DDCC18395C}.AppStore|Mixed Platforms.ActiveCfg = Release|Any CPU
		{747706F4-ECBF-4D50-8D72-B0DDCC18395C}.AppStore|Mixed Platforms.Build.0 = Release|Any CPU
		{747706F4-ECBF-4D50-8D72-B0DDCC18395C}.AppStore|x86.ActiveCfg = Release|Any CPU
		{747706F4-ECBF-4D50-8D72-B0DDCC18395C}.Debug|Any CPU.ActiveCfg = Debug|Any CPU
		{747706F4-ECBF-4D50-8D72-B0DDCC18395C}.Debug|Any CPU.Build.0 = Debug|Any CPU
		{747706F4-ECBF-4D50-8D72-B0DDCC18395C}.Debug|ARM.ActiveCfg = Debug|Any CPU
		{747706F4-ECBF-4D50-8D72-B0DDCC18395C}.Debug|iPhone.ActiveCfg = Debug|Any CPU
		{747706F4-ECBF-4D50-8D72-B0DDCC18395C}.Debug|iPhoneSimulator.ActiveCfg = Debug|Any CPU
		{747706F4-ECBF-4D50-8D72-B0DDCC18395C}.Debug|Mixed Platforms.ActiveCfg = Debug|Any CPU
		{747706F4-ECBF-4D50-8D72-B0DDCC18395C}.Debug|Mixed Platforms.Build.0 = Debug|Any CPU
		{747706F4-ECBF-4D50-8D72-B0DDCC18395C}.Debug|x86.ActiveCfg = Debug|Any CPU
		{747706F4-ECBF-4D50-8D72-B0DDCC18395C}.Release|Any CPU.ActiveCfg = Release|Any CPU
		{747706F4-ECBF-4D50-8D72-B0DDCC18395C}.Release|Any CPU.Build.0 = Release|Any CPU
		{747706F4-ECBF-4D50-8D72-B0DDCC18395C}.Release|ARM.ActiveCfg = Release|Any CPU
		{747706F4-ECBF-4D50-8D72-B0DDCC18395C}.Release|iPhone.ActiveCfg = Release|Any CPU
		{747706F4-ECBF-4D50-8D72-B0DDCC18395C}.Release|iPhoneSimulator.ActiveCfg = Release|Any CPU
		{747706F4-ECBF-4D50-8D72-B0DDCC18395C}.Release|Mixed Platforms.ActiveCfg = Release|Any CPU
		{747706F4-ECBF-4D50-8D72-B0DDCC18395C}.Release|Mixed Platforms.Build.0 = Release|Any CPU
		{747706F4-ECBF-4D50-8D72-B0DDCC18395C}.Release|x86.ActiveCfg = Release|Any CPU
		{2A75820F-0001-4A0F-86E2-E529DB212BBB}.Ad-Hoc|Any CPU.ActiveCfg = Release|Any CPU
		{2A75820F-0001-4A0F-86E2-E529DB212BBB}.Ad-Hoc|Any CPU.Build.0 = Release|Any CPU
		{2A75820F-0001-4A0F-86E2-E529DB212BBB}.Ad-Hoc|ARM.ActiveCfg = Release|Any CPU
		{2A75820F-0001-4A0F-86E2-E529DB212BBB}.Ad-Hoc|iPhone.ActiveCfg = Release|Any CPU
		{2A75820F-0001-4A0F-86E2-E529DB212BBB}.Ad-Hoc|iPhoneSimulator.ActiveCfg = Release|Any CPU
		{2A75820F-0001-4A0F-86E2-E529DB212BBB}.Ad-Hoc|Mixed Platforms.ActiveCfg = Release|Any CPU
		{2A75820F-0001-4A0F-86E2-E529DB212BBB}.Ad-Hoc|Mixed Platforms.Build.0 = Release|Any CPU
		{2A75820F-0001-4A0F-86E2-E529DB212BBB}.Ad-Hoc|x86.ActiveCfg = Release|Any CPU
		{2A75820F-0001-4A0F-86E2-E529DB212BBB}.AppStore|Any CPU.ActiveCfg = Release|Any CPU
		{2A75820F-0001-4A0F-86E2-E529DB212BBB}.AppStore|Any CPU.Build.0 = Release|Any CPU
		{2A75820F-0001-4A0F-86E2-E529DB212BBB}.AppStore|ARM.ActiveCfg = Release|Any CPU
		{2A75820F-0001-4A0F-86E2-E529DB212BBB}.AppStore|iPhone.ActiveCfg = Release|Any CPU
		{2A75820F-0001-4A0F-86E2-E529DB212BBB}.AppStore|iPhoneSimulator.ActiveCfg = Release|Any CPU
		{2A75820F-0001-4A0F-86E2-E529DB212BBB}.AppStore|Mixed Platforms.ActiveCfg = Release|Any CPU
		{2A75820F-0001-4A0F-86E2-E529DB212BBB}.AppStore|Mixed Platforms.Build.0 = Release|Any CPU
		{2A75820F-0001-4A0F-86E2-E529DB212BBB}.AppStore|x86.ActiveCfg = Release|Any CPU
		{2A75820F-0001-4A0F-86E2-E529DB212BBB}.Debug|Any CPU.ActiveCfg = Debug|Any CPU
		{2A75820F-0001-4A0F-86E2-E529DB212BBB}.Debug|Any CPU.Build.0 = Debug|Any CPU
		{2A75820F-0001-4A0F-86E2-E529DB212BBB}.Debug|ARM.ActiveCfg = Debug|Any CPU
		{2A75820F-0001-4A0F-86E2-E529DB212BBB}.Debug|iPhone.ActiveCfg = Debug|Any CPU
		{2A75820F-0001-4A0F-86E2-E529DB212BBB}.Debug|iPhoneSimulator.ActiveCfg = Debug|Any CPU
		{2A75820F-0001-4A0F-86E2-E529DB212BBB}.Debug|Mixed Platforms.ActiveCfg = Debug|Any CPU
		{2A75820F-0001-4A0F-86E2-E529DB212BBB}.Debug|Mixed Platforms.Build.0 = Debug|Any CPU
		{2A75820F-0001-4A0F-86E2-E529DB212BBB}.Debug|x86.ActiveCfg = Debug|Any CPU
		{2A75820F-0001-4A0F-86E2-E529DB212BBB}.Release|Any CPU.ActiveCfg = Release|Any CPU
		{2A75820F-0001-4A0F-86E2-E529DB212BBB}.Release|Any CPU.Build.0 = Release|Any CPU
		{2A75820F-0001-4A0F-86E2-E529DB212BBB}.Release|ARM.ActiveCfg = Release|Any CPU
		{2A75820F-0001-4A0F-86E2-E529DB212BBB}.Release|iPhone.ActiveCfg = Release|Any CPU
		{2A75820F-0001-4A0F-86E2-E529DB212BBB}.Release|iPhoneSimulator.ActiveCfg = Release|Any CPU
		{2A75820F-0001-4A0F-86E2-E529DB212BBB}.Release|Mixed Platforms.ActiveCfg = Release|Any CPU
		{2A75820F-0001-4A0F-86E2-E529DB212BBB}.Release|Mixed Platforms.Build.0 = Release|Any CPU
		{2A75820F-0001-4A0F-86E2-E529DB212BBB}.Release|x86.ActiveCfg = Release|Any CPU
		{20C82258-D3E4-429A-AEE9-51DD6317BC90}.Ad-Hoc|Any CPU.ActiveCfg = Release|Any CPU
		{20C82258-D3E4-429A-AEE9-51DD6317BC90}.Ad-Hoc|Any CPU.Build.0 = Release|Any CPU
		{20C82258-D3E4-429A-AEE9-51DD6317BC90}.Ad-Hoc|Any CPU.Deploy.0 = Release|Any CPU
		{20C82258-D3E4-429A-AEE9-51DD6317BC90}.Ad-Hoc|ARM.ActiveCfg = Release|ARM
		{20C82258-D3E4-429A-AEE9-51DD6317BC90}.Ad-Hoc|ARM.Build.0 = Release|ARM
		{20C82258-D3E4-429A-AEE9-51DD6317BC90}.Ad-Hoc|ARM.Deploy.0 = Release|ARM
		{20C82258-D3E4-429A-AEE9-51DD6317BC90}.Ad-Hoc|iPhone.ActiveCfg = Release|Any CPU
		{20C82258-D3E4-429A-AEE9-51DD6317BC90}.Ad-Hoc|iPhoneSimulator.ActiveCfg = Release|Any CPU
		{20C82258-D3E4-429A-AEE9-51DD6317BC90}.Ad-Hoc|Mixed Platforms.ActiveCfg = Release|x86
		{20C82258-D3E4-429A-AEE9-51DD6317BC90}.Ad-Hoc|Mixed Platforms.Build.0 = Release|x86
		{20C82258-D3E4-429A-AEE9-51DD6317BC90}.Ad-Hoc|Mixed Platforms.Deploy.0 = Release|x86
		{20C82258-D3E4-429A-AEE9-51DD6317BC90}.Ad-Hoc|x86.ActiveCfg = Release|x86
		{20C82258-D3E4-429A-AEE9-51DD6317BC90}.Ad-Hoc|x86.Build.0 = Release|x86
		{20C82258-D3E4-429A-AEE9-51DD6317BC90}.Ad-Hoc|x86.Deploy.0 = Release|x86
		{20C82258-D3E4-429A-AEE9-51DD6317BC90}.AppStore|Any CPU.ActiveCfg = Release|Any CPU
		{20C82258-D3E4-429A-AEE9-51DD6317BC90}.AppStore|Any CPU.Build.0 = Release|Any CPU
		{20C82258-D3E4-429A-AEE9-51DD6317BC90}.AppStore|Any CPU.Deploy.0 = Release|Any CPU
		{20C82258-D3E4-429A-AEE9-51DD6317BC90}.AppStore|ARM.ActiveCfg = Release|ARM
		{20C82258-D3E4-429A-AEE9-51DD6317BC90}.AppStore|ARM.Build.0 = Release|ARM
		{20C82258-D3E4-429A-AEE9-51DD6317BC90}.AppStore|ARM.Deploy.0 = Release|ARM
		{20C82258-D3E4-429A-AEE9-51DD6317BC90}.AppStore|iPhone.ActiveCfg = Release|Any CPU
		{20C82258-D3E4-429A-AEE9-51DD6317BC90}.AppStore|iPhoneSimulator.ActiveCfg = Release|Any CPU
		{20C82258-D3E4-429A-AEE9-51DD6317BC90}.AppStore|Mixed Platforms.ActiveCfg = Release|x86
		{20C82258-D3E4-429A-AEE9-51DD6317BC90}.AppStore|Mixed Platforms.Build.0 = Release|x86
		{20C82258-D3E4-429A-AEE9-51DD6317BC90}.AppStore|Mixed Platforms.Deploy.0 = Release|x86
		{20C82258-D3E4-429A-AEE9-51DD6317BC90}.AppStore|x86.ActiveCfg = Release|x86
		{20C82258-D3E4-429A-AEE9-51DD6317BC90}.AppStore|x86.Build.0 = Release|x86
		{20C82258-D3E4-429A-AEE9-51DD6317BC90}.AppStore|x86.Deploy.0 = Release|x86
		{20C82258-D3E4-429A-AEE9-51DD6317BC90}.Debug|Any CPU.ActiveCfg = Debug|Any CPU
		{20C82258-D3E4-429A-AEE9-51DD6317BC90}.Debug|Any CPU.Build.0 = Debug|Any CPU
		{20C82258-D3E4-429A-AEE9-51DD6317BC90}.Debug|Any CPU.Deploy.0 = Debug|Any CPU
		{20C82258-D3E4-429A-AEE9-51DD6317BC90}.Debug|ARM.ActiveCfg = Debug|ARM
		{20C82258-D3E4-429A-AEE9-51DD6317BC90}.Debug|ARM.Build.0 = Debug|ARM
		{20C82258-D3E4-429A-AEE9-51DD6317BC90}.Debug|ARM.Deploy.0 = Debug|ARM
		{20C82258-D3E4-429A-AEE9-51DD6317BC90}.Debug|iPhone.ActiveCfg = Debug|Any CPU
		{20C82258-D3E4-429A-AEE9-51DD6317BC90}.Debug|iPhoneSimulator.ActiveCfg = Debug|Any CPU
		{20C82258-D3E4-429A-AEE9-51DD6317BC90}.Debug|Mixed Platforms.ActiveCfg = Debug|x86
		{20C82258-D3E4-429A-AEE9-51DD6317BC90}.Debug|Mixed Platforms.Build.0 = Debug|x86
		{20C82258-D3E4-429A-AEE9-51DD6317BC90}.Debug|Mixed Platforms.Deploy.0 = Debug|x86
		{20C82258-D3E4-429A-AEE9-51DD6317BC90}.Debug|x86.ActiveCfg = Debug|x86
		{20C82258-D3E4-429A-AEE9-51DD6317BC90}.Debug|x86.Build.0 = Debug|x86
		{20C82258-D3E4-429A-AEE9-51DD6317BC90}.Debug|x86.Deploy.0 = Debug|x86
		{20C82258-D3E4-429A-AEE9-51DD6317BC90}.Release|Any CPU.ActiveCfg = Release|Any CPU
		{20C82258-D3E4-429A-AEE9-51DD6317BC90}.Release|Any CPU.Build.0 = Release|Any CPU
		{20C82258-D3E4-429A-AEE9-51DD6317BC90}.Release|Any CPU.Deploy.0 = Release|Any CPU
		{20C82258-D3E4-429A-AEE9-51DD6317BC90}.Release|ARM.ActiveCfg = Release|ARM
		{20C82258-D3E4-429A-AEE9-51DD6317BC90}.Release|ARM.Build.0 = Release|ARM
		{20C82258-D3E4-429A-AEE9-51DD6317BC90}.Release|ARM.Deploy.0 = Release|ARM
		{20C82258-D3E4-429A-AEE9-51DD6317BC90}.Release|iPhone.ActiveCfg = Release|Any CPU
		{20C82258-D3E4-429A-AEE9-51DD6317BC90}.Release|iPhoneSimulator.ActiveCfg = Release|Any CPU
		{20C82258-D3E4-429A-AEE9-51DD6317BC90}.Release|Mixed Platforms.ActiveCfg = Release|x86
		{20C82258-D3E4-429A-AEE9-51DD6317BC90}.Release|Mixed Platforms.Build.0 = Release|x86
		{20C82258-D3E4-429A-AEE9-51DD6317BC90}.Release|Mixed Platforms.Deploy.0 = Release|x86
		{20C82258-D3E4-429A-AEE9-51DD6317BC90}.Release|x86.ActiveCfg = Release|x86
		{20C82258-D3E4-429A-AEE9-51DD6317BC90}.Release|x86.Build.0 = Release|x86
		{20C82258-D3E4-429A-AEE9-51DD6317BC90}.Release|x86.Deploy.0 = Release|x86
		{F3BA4DBE-C44D-41B8-A2CF-1465234E063A}.Ad-Hoc|Any CPU.ActiveCfg = Release|Any CPU
		{F3BA4DBE-C44D-41B8-A2CF-1465234E063A}.Ad-Hoc|Any CPU.Build.0 = Release|Any CPU
		{F3BA4DBE-C44D-41B8-A2CF-1465234E063A}.Ad-Hoc|ARM.ActiveCfg = Release|Any CPU
		{F3BA4DBE-C44D-41B8-A2CF-1465234E063A}.Ad-Hoc|iPhone.ActiveCfg = Release|Any CPU
		{F3BA4DBE-C44D-41B8-A2CF-1465234E063A}.Ad-Hoc|iPhoneSimulator.ActiveCfg = Release|Any CPU
		{F3BA4DBE-C44D-41B8-A2CF-1465234E063A}.Ad-Hoc|Mixed Platforms.ActiveCfg = Release|Any CPU
		{F3BA4DBE-C44D-41B8-A2CF-1465234E063A}.Ad-Hoc|Mixed Platforms.Build.0 = Release|Any CPU
		{F3BA4DBE-C44D-41B8-A2CF-1465234E063A}.Ad-Hoc|x86.ActiveCfg = Release|Any CPU
		{F3BA4DBE-C44D-41B8-A2CF-1465234E063A}.AppStore|Any CPU.ActiveCfg = Release|Any CPU
		{F3BA4DBE-C44D-41B8-A2CF-1465234E063A}.AppStore|Any CPU.Build.0 = Release|Any CPU
		{F3BA4DBE-C44D-41B8-A2CF-1465234E063A}.AppStore|ARM.ActiveCfg = Release|Any CPU
		{F3BA4DBE-C44D-41B8-A2CF-1465234E063A}.AppStore|iPhone.ActiveCfg = Release|Any CPU
		{F3BA4DBE-C44D-41B8-A2CF-1465234E063A}.AppStore|iPhoneSimulator.ActiveCfg = Release|Any CPU
		{F3BA4DBE-C44D-41B8-A2CF-1465234E063A}.AppStore|Mixed Platforms.ActiveCfg = Release|Any CPU
		{F3BA4DBE-C44D-41B8-A2CF-1465234E063A}.AppStore|Mixed Platforms.Build.0 = Release|Any CPU
		{F3BA4DBE-C44D-41B8-A2CF-1465234E063A}.AppStore|x86.ActiveCfg = Release|Any CPU
		{F3BA4DBE-C44D-41B8-A2CF-1465234E063A}.Debug|Any CPU.ActiveCfg = Debug|Any CPU
		{F3BA4DBE-C44D-41B8-A2CF-1465234E063A}.Debug|Any CPU.Build.0 = Debug|Any CPU
		{F3BA4DBE-C44D-41B8-A2CF-1465234E063A}.Debug|ARM.ActiveCfg = Debug|Any CPU
		{F3BA4DBE-C44D-41B8-A2CF-1465234E063A}.Debug|iPhone.ActiveCfg = Debug|Any CPU
		{F3BA4DBE-C44D-41B8-A2CF-1465234E063A}.Debug|iPhoneSimulator.ActiveCfg = Debug|Any CPU
		{F3BA4DBE-C44D-41B8-A2CF-1465234E063A}.Debug|Mixed Platforms.ActiveCfg = Debug|Any CPU
		{F3BA4DBE-C44D-41B8-A2CF-1465234E063A}.Debug|Mixed Platforms.Build.0 = Debug|Any CPU
		{F3BA4DBE-C44D-41B8-A2CF-1465234E063A}.Debug|x86.ActiveCfg = Debug|Any CPU
		{F3BA4DBE-C44D-41B8-A2CF-1465234E063A}.Release|Any CPU.ActiveCfg = Release|Any CPU
		{F3BA4DBE-C44D-41B8-A2CF-1465234E063A}.Release|Any CPU.Build.0 = Release|Any CPU
		{F3BA4DBE-C44D-41B8-A2CF-1465234E063A}.Release|ARM.ActiveCfg = Release|Any CPU
		{F3BA4DBE-C44D-41B8-A2CF-1465234E063A}.Release|iPhone.ActiveCfg = Release|Any CPU
		{F3BA4DBE-C44D-41B8-A2CF-1465234E063A}.Release|iPhoneSimulator.ActiveCfg = Release|Any CPU
		{F3BA4DBE-C44D-41B8-A2CF-1465234E063A}.Release|Mixed Platforms.ActiveCfg = Release|Any CPU
		{F3BA4DBE-C44D-41B8-A2CF-1465234E063A}.Release|Mixed Platforms.Build.0 = Release|Any CPU
		{F3BA4DBE-C44D-41B8-A2CF-1465234E063A}.Release|x86.ActiveCfg = Release|Any CPU
		{4FBC9007-788A-42FF-8BB9-E8DE6A233E75}.Ad-Hoc|Any CPU.ActiveCfg = Ad-Hoc|iPhone
		{4FBC9007-788A-42FF-8BB9-E8DE6A233E75}.Ad-Hoc|ARM.ActiveCfg = Ad-Hoc|iPhone
		{4FBC9007-788A-42FF-8BB9-E8DE6A233E75}.Ad-Hoc|iPhone.ActiveCfg = Ad-Hoc|iPhone
		{4FBC9007-788A-42FF-8BB9-E8DE6A233E75}.Ad-Hoc|iPhone.Build.0 = Ad-Hoc|iPhone
		{4FBC9007-788A-42FF-8BB9-E8DE6A233E75}.Ad-Hoc|iPhone.Deploy.0 = Ad-Hoc|iPhone
		{4FBC9007-788A-42FF-8BB9-E8DE6A233E75}.Ad-Hoc|iPhoneSimulator.ActiveCfg = Ad-Hoc|iPhoneSimulator
		{4FBC9007-788A-42FF-8BB9-E8DE6A233E75}.Ad-Hoc|iPhoneSimulator.Build.0 = Ad-Hoc|iPhoneSimulator
		{4FBC9007-788A-42FF-8BB9-E8DE6A233E75}.Ad-Hoc|iPhoneSimulator.Deploy.0 = Ad-Hoc|iPhoneSimulator
		{4FBC9007-788A-42FF-8BB9-E8DE6A233E75}.Ad-Hoc|Mixed Platforms.ActiveCfg = Ad-Hoc|iPhone
		{4FBC9007-788A-42FF-8BB9-E8DE6A233E75}.Ad-Hoc|Mixed Platforms.Build.0 = Ad-Hoc|iPhone
		{4FBC9007-788A-42FF-8BB9-E8DE6A233E75}.Ad-Hoc|Mixed Platforms.Deploy.0 = Ad-Hoc|iPhone
		{4FBC9007-788A-42FF-8BB9-E8DE6A233E75}.Ad-Hoc|x86.ActiveCfg = Ad-Hoc|iPhone
		{4FBC9007-788A-42FF-8BB9-E8DE6A233E75}.AppStore|Any CPU.ActiveCfg = AppStore|iPhone
		{4FBC9007-788A-42FF-8BB9-E8DE6A233E75}.AppStore|ARM.ActiveCfg = AppStore|iPhone
		{4FBC9007-788A-42FF-8BB9-E8DE6A233E75}.AppStore|iPhone.ActiveCfg = AppStore|iPhone
		{4FBC9007-788A-42FF-8BB9-E8DE6A233E75}.AppStore|iPhone.Build.0 = AppStore|iPhone
		{4FBC9007-788A-42FF-8BB9-E8DE6A233E75}.AppStore|iPhone.Deploy.0 = AppStore|iPhone
		{4FBC9007-788A-42FF-8BB9-E8DE6A233E75}.AppStore|iPhoneSimulator.ActiveCfg = AppStore|iPhoneSimulator
		{4FBC9007-788A-42FF-8BB9-E8DE6A233E75}.AppStore|iPhoneSimulator.Build.0 = AppStore|iPhoneSimulator
		{4FBC9007-788A-42FF-8BB9-E8DE6A233E75}.AppStore|iPhoneSimulator.Deploy.0 = AppStore|iPhoneSimulator
		{4FBC9007-788A-42FF-8BB9-E8DE6A233E75}.AppStore|Mixed Platforms.ActiveCfg = AppStore|iPhone
		{4FBC9007-788A-42FF-8BB9-E8DE6A233E75}.AppStore|Mixed Platforms.Build.0 = AppStore|iPhone
		{4FBC9007-788A-42FF-8BB9-E8DE6A233E75}.AppStore|Mixed Platforms.Deploy.0 = AppStore|iPhone
		{4FBC9007-788A-42FF-8BB9-E8DE6A233E75}.AppStore|x86.ActiveCfg = AppStore|iPhone
		{4FBC9007-788A-42FF-8BB9-E8DE6A233E75}.Debug|Any CPU.ActiveCfg = Debug|iPhone
		{4FBC9007-788A-42FF-8BB9-E8DE6A233E75}.Debug|ARM.ActiveCfg = Debug|iPhone
		{4FBC9007-788A-42FF-8BB9-E8DE6A233E75}.Debug|iPhone.ActiveCfg = Debug|iPhone
		{4FBC9007-788A-42FF-8BB9-E8DE6A233E75}.Debug|iPhone.Build.0 = Debug|iPhone
		{4FBC9007-788A-42FF-8BB9-E8DE6A233E75}.Debug|iPhone.Deploy.0 = Debug|iPhone
		{4FBC9007-788A-42FF-8BB9-E8DE6A233E75}.Debug|iPhoneSimulator.ActiveCfg = Debug|iPhoneSimulator
		{4FBC9007-788A-42FF-8BB9-E8DE6A233E75}.Debug|iPhoneSimulator.Build.0 = Debug|iPhoneSimulator
		{4FBC9007-788A-42FF-8BB9-E8DE6A233E75}.Debug|iPhoneSimulator.Deploy.0 = Debug|iPhoneSimulator
		{4FBC9007-788A-42FF-8BB9-E8DE6A233E75}.Debug|Mixed Platforms.ActiveCfg = Debug|iPhone
		{4FBC9007-788A-42FF-8BB9-E8DE6A233E75}.Debug|Mixed Platforms.Build.0 = Debug|iPhone
		{4FBC9007-788A-42FF-8BB9-E8DE6A233E75}.Debug|Mixed Platforms.Deploy.0 = Debug|iPhone
		{4FBC9007-788A-42FF-8BB9-E8DE6A233E75}.Debug|x86.ActiveCfg = Debug|iPhone
		{4FBC9007-788A-42FF-8BB9-E8DE6A233E75}.Release|Any CPU.ActiveCfg = Release|iPhone
		{4FBC9007-788A-42FF-8BB9-E8DE6A233E75}.Release|ARM.ActiveCfg = Release|iPhone
		{4FBC9007-788A-42FF-8BB9-E8DE6A233E75}.Release|iPhone.ActiveCfg = Release|iPhone
		{4FBC9007-788A-42FF-8BB9-E8DE6A233E75}.Release|iPhone.Build.0 = Release|iPhone
		{4FBC9007-788A-42FF-8BB9-E8DE6A233E75}.Release|iPhone.Deploy.0 = Release|iPhone
		{4FBC9007-788A-42FF-8BB9-E8DE6A233E75}.Release|iPhoneSimulator.ActiveCfg = Release|iPhoneSimulator
		{4FBC9007-788A-42FF-8BB9-E8DE6A233E75}.Release|iPhoneSimulator.Build.0 = Release|iPhoneSimulator
		{4FBC9007-788A-42FF-8BB9-E8DE6A233E75}.Release|iPhoneSimulator.Deploy.0 = Release|iPhoneSimulator
		{4FBC9007-788A-42FF-8BB9-E8DE6A233E75}.Release|Mixed Platforms.ActiveCfg = Release|iPhone
		{4FBC9007-788A-42FF-8BB9-E8DE6A233E75}.Release|Mixed Platforms.Build.0 = Release|iPhone
		{4FBC9007-788A-42FF-8BB9-E8DE6A233E75}.Release|Mixed Platforms.Deploy.0 = Release|iPhone
		{4FBC9007-788A-42FF-8BB9-E8DE6A233E75}.Release|x86.ActiveCfg = Release|iPhone
		{B6979E99-BE43-4D9C-AB35-7A46F6560312}.Ad-Hoc|Any CPU.ActiveCfg = Release|Any CPU
		{B6979E99-BE43-4D9C-AB35-7A46F6560312}.Ad-Hoc|Any CPU.Build.0 = Release|Any CPU
		{B6979E99-BE43-4D9C-AB35-7A46F6560312}.Ad-Hoc|Any CPU.Deploy.0 = Release|Any CPU
		{B6979E99-BE43-4D9C-AB35-7A46F6560312}.Ad-Hoc|ARM.ActiveCfg = Release|Any CPU
		{B6979E99-BE43-4D9C-AB35-7A46F6560312}.Ad-Hoc|iPhone.ActiveCfg = Release|Any CPU
		{B6979E99-BE43-4D9C-AB35-7A46F6560312}.Ad-Hoc|iPhoneSimulator.ActiveCfg = Release|Any CPU
		{B6979E99-BE43-4D9C-AB35-7A46F6560312}.Ad-Hoc|Mixed Platforms.ActiveCfg = Release|Any CPU
		{B6979E99-BE43-4D9C-AB35-7A46F6560312}.Ad-Hoc|Mixed Platforms.Build.0 = Release|Any CPU
		{B6979E99-BE43-4D9C-AB35-7A46F6560312}.Ad-Hoc|Mixed Platforms.Deploy.0 = Release|Any CPU
		{B6979E99-BE43-4D9C-AB35-7A46F6560312}.Ad-Hoc|x86.ActiveCfg = Release|Any CPU
		{B6979E99-BE43-4D9C-AB35-7A46F6560312}.AppStore|Any CPU.ActiveCfg = Release|Any CPU
		{B6979E99-BE43-4D9C-AB35-7A46F6560312}.AppStore|Any CPU.Build.0 = Release|Any CPU
		{B6979E99-BE43-4D9C-AB35-7A46F6560312}.AppStore|Any CPU.Deploy.0 = Release|Any CPU
		{B6979E99-BE43-4D9C-AB35-7A46F6560312}.AppStore|ARM.ActiveCfg = Release|Any CPU
		{B6979E99-BE43-4D9C-AB35-7A46F6560312}.AppStore|iPhone.ActiveCfg = Release|Any CPU
		{B6979E99-BE43-4D9C-AB35-7A46F6560312}.AppStore|iPhoneSimulator.ActiveCfg = Release|Any CPU
		{B6979E99-BE43-4D9C-AB35-7A46F6560312}.AppStore|Mixed Platforms.ActiveCfg = Release|Any CPU
		{B6979E99-BE43-4D9C-AB35-7A46F6560312}.AppStore|Mixed Platforms.Build.0 = Release|Any CPU
		{B6979E99-BE43-4D9C-AB35-7A46F6560312}.AppStore|Mixed Platforms.Deploy.0 = Release|Any CPU
		{B6979E99-BE43-4D9C-AB35-7A46F6560312}.AppStore|x86.ActiveCfg = Release|Any CPU
		{B6979E99-BE43-4D9C-AB35-7A46F6560312}.Debug|Any CPU.ActiveCfg = Debug|Any CPU
		{B6979E99-BE43-4D9C-AB35-7A46F6560312}.Debug|Any CPU.Build.0 = Debug|Any CPU
		{B6979E99-BE43-4D9C-AB35-7A46F6560312}.Debug|Any CPU.Deploy.0 = Debug|Any CPU
		{B6979E99-BE43-4D9C-AB35-7A46F6560312}.Debug|ARM.ActiveCfg = Debug|Any CPU
		{B6979E99-BE43-4D9C-AB35-7A46F6560312}.Debug|iPhone.ActiveCfg = Debug|Any CPU
		{B6979E99-BE43-4D9C-AB35-7A46F6560312}.Debug|iPhoneSimulator.ActiveCfg = Debug|Any CPU
		{B6979E99-BE43-4D9C-AB35-7A46F6560312}.Debug|Mixed Platforms.ActiveCfg = Debug|Any CPU
		{B6979E99-BE43-4D9C-AB35-7A46F6560312}.Debug|Mixed Platforms.Build.0 = Debug|Any CPU
		{B6979E99-BE43-4D9C-AB35-7A46F6560312}.Debug|Mixed Platforms.Deploy.0 = Debug|Any CPU
		{B6979E99-BE43-4D9C-AB35-7A46F6560312}.Debug|x86.ActiveCfg = Debug|Any CPU
		{B6979E99-BE43-4D9C-AB35-7A46F6560312}.Release|Any CPU.ActiveCfg = Release|Any CPU
		{B6979E99-BE43-4D9C-AB35-7A46F6560312}.Release|Any CPU.Build.0 = Release|Any CPU
		{B6979E99-BE43-4D9C-AB35-7A46F6560312}.Release|Any CPU.Deploy.0 = Release|Any CPU
		{B6979E99-BE43-4D9C-AB35-7A46F6560312}.Release|ARM.ActiveCfg = Release|Any CPU
		{B6979E99-BE43-4D9C-AB35-7A46F6560312}.Release|iPhone.ActiveCfg = Release|Any CPU
		{B6979E99-BE43-4D9C-AB35-7A46F6560312}.Release|iPhoneSimulator.ActiveCfg = Release|Any CPU
		{B6979E99-BE43-4D9C-AB35-7A46F6560312}.Release|Mixed Platforms.ActiveCfg = Release|Any CPU
		{B6979E99-BE43-4D9C-AB35-7A46F6560312}.Release|Mixed Platforms.Build.0 = Release|Any CPU
		{B6979E99-BE43-4D9C-AB35-7A46F6560312}.Release|Mixed Platforms.Deploy.0 = Release|Any CPU
		{B6979E99-BE43-4D9C-AB35-7A46F6560312}.Release|x86.ActiveCfg = Release|Any CPU
		{E6A64750-EC3F-4CFD-AD17-FE10129373C7}.Ad-Hoc|Any CPU.ActiveCfg = Release|Any CPU
		{E6A64750-EC3F-4CFD-AD17-FE10129373C7}.Ad-Hoc|Any CPU.Build.0 = Release|Any CPU
		{E6A64750-EC3F-4CFD-AD17-FE10129373C7}.Ad-Hoc|Any CPU.Deploy.0 = Release|Any CPU
		{E6A64750-EC3F-4CFD-AD17-FE10129373C7}.Ad-Hoc|ARM.ActiveCfg = Release|ARM
		{E6A64750-EC3F-4CFD-AD17-FE10129373C7}.Ad-Hoc|ARM.Build.0 = Release|ARM
		{E6A64750-EC3F-4CFD-AD17-FE10129373C7}.Ad-Hoc|ARM.Deploy.0 = Release|ARM
		{E6A64750-EC3F-4CFD-AD17-FE10129373C7}.Ad-Hoc|iPhone.ActiveCfg = Release|Any CPU
		{E6A64750-EC3F-4CFD-AD17-FE10129373C7}.Ad-Hoc|iPhoneSimulator.ActiveCfg = Release|Any CPU
		{E6A64750-EC3F-4CFD-AD17-FE10129373C7}.Ad-Hoc|Mixed Platforms.ActiveCfg = Release|x86
		{E6A64750-EC3F-4CFD-AD17-FE10129373C7}.Ad-Hoc|Mixed Platforms.Build.0 = Release|x86
		{E6A64750-EC3F-4CFD-AD17-FE10129373C7}.Ad-Hoc|Mixed Platforms.Deploy.0 = Release|x86
		{E6A64750-EC3F-4CFD-AD17-FE10129373C7}.Ad-Hoc|x86.ActiveCfg = Release|x86
		{E6A64750-EC3F-4CFD-AD17-FE10129373C7}.Ad-Hoc|x86.Build.0 = Release|x86
		{E6A64750-EC3F-4CFD-AD17-FE10129373C7}.Ad-Hoc|x86.Deploy.0 = Release|x86
		{E6A64750-EC3F-4CFD-AD17-FE10129373C7}.AppStore|Any CPU.ActiveCfg = Release|Any CPU
		{E6A64750-EC3F-4CFD-AD17-FE10129373C7}.AppStore|Any CPU.Build.0 = Release|Any CPU
		{E6A64750-EC3F-4CFD-AD17-FE10129373C7}.AppStore|Any CPU.Deploy.0 = Release|Any CPU
		{E6A64750-EC3F-4CFD-AD17-FE10129373C7}.AppStore|ARM.ActiveCfg = Release|ARM
		{E6A64750-EC3F-4CFD-AD17-FE10129373C7}.AppStore|ARM.Build.0 = Release|ARM
		{E6A64750-EC3F-4CFD-AD17-FE10129373C7}.AppStore|ARM.Deploy.0 = Release|ARM
		{E6A64750-EC3F-4CFD-AD17-FE10129373C7}.AppStore|iPhone.ActiveCfg = Release|Any CPU
		{E6A64750-EC3F-4CFD-AD17-FE10129373C7}.AppStore|iPhoneSimulator.ActiveCfg = Release|Any CPU
		{E6A64750-EC3F-4CFD-AD17-FE10129373C7}.AppStore|Mixed Platforms.ActiveCfg = Release|x86
		{E6A64750-EC3F-4CFD-AD17-FE10129373C7}.AppStore|Mixed Platforms.Build.0 = Release|x86
		{E6A64750-EC3F-4CFD-AD17-FE10129373C7}.AppStore|Mixed Platforms.Deploy.0 = Release|x86
		{E6A64750-EC3F-4CFD-AD17-FE10129373C7}.AppStore|x86.ActiveCfg = Release|x86
		{E6A64750-EC3F-4CFD-AD17-FE10129373C7}.AppStore|x86.Build.0 = Release|x86
		{E6A64750-EC3F-4CFD-AD17-FE10129373C7}.AppStore|x86.Deploy.0 = Release|x86
		{E6A64750-EC3F-4CFD-AD17-FE10129373C7}.Debug|Any CPU.ActiveCfg = Debug|Any CPU
		{E6A64750-EC3F-4CFD-AD17-FE10129373C7}.Debug|Any CPU.Build.0 = Debug|Any CPU
		{E6A64750-EC3F-4CFD-AD17-FE10129373C7}.Debug|Any CPU.Deploy.0 = Debug|Any CPU
		{E6A64750-EC3F-4CFD-AD17-FE10129373C7}.Debug|ARM.ActiveCfg = Debug|ARM
		{E6A64750-EC3F-4CFD-AD17-FE10129373C7}.Debug|ARM.Build.0 = Debug|ARM
		{E6A64750-EC3F-4CFD-AD17-FE10129373C7}.Debug|ARM.Deploy.0 = Debug|ARM
		{E6A64750-EC3F-4CFD-AD17-FE10129373C7}.Debug|iPhone.ActiveCfg = Debug|Any CPU
		{E6A64750-EC3F-4CFD-AD17-FE10129373C7}.Debug|iPhoneSimulator.ActiveCfg = Debug|Any CPU
		{E6A64750-EC3F-4CFD-AD17-FE10129373C7}.Debug|Mixed Platforms.ActiveCfg = Debug|x86
		{E6A64750-EC3F-4CFD-AD17-FE10129373C7}.Debug|Mixed Platforms.Build.0 = Debug|x86
		{E6A64750-EC3F-4CFD-AD17-FE10129373C7}.Debug|Mixed Platforms.Deploy.0 = Debug|x86
		{E6A64750-EC3F-4CFD-AD17-FE10129373C7}.Debug|x86.ActiveCfg = Debug|x86
		{E6A64750-EC3F-4CFD-AD17-FE10129373C7}.Debug|x86.Build.0 = Debug|x86
		{E6A64750-EC3F-4CFD-AD17-FE10129373C7}.Debug|x86.Deploy.0 = Debug|x86
		{E6A64750-EC3F-4CFD-AD17-FE10129373C7}.Release|Any CPU.ActiveCfg = Release|Any CPU
		{E6A64750-EC3F-4CFD-AD17-FE10129373C7}.Release|Any CPU.Build.0 = Release|Any CPU
		{E6A64750-EC3F-4CFD-AD17-FE10129373C7}.Release|Any CPU.Deploy.0 = Release|Any CPU
		{E6A64750-EC3F-4CFD-AD17-FE10129373C7}.Release|ARM.ActiveCfg = Release|ARM
		{E6A64750-EC3F-4CFD-AD17-FE10129373C7}.Release|ARM.Build.0 = Release|ARM
		{E6A64750-EC3F-4CFD-AD17-FE10129373C7}.Release|ARM.Deploy.0 = Release|ARM
		{E6A64750-EC3F-4CFD-AD17-FE10129373C7}.Release|iPhone.ActiveCfg = Release|Any CPU
		{E6A64750-EC3F-4CFD-AD17-FE10129373C7}.Release|iPhoneSimulator.ActiveCfg = Release|Any CPU
		{E6A64750-EC3F-4CFD-AD17-FE10129373C7}.Release|Mixed Platforms.ActiveCfg = Release|x86
		{E6A64750-EC3F-4CFD-AD17-FE10129373C7}.Release|Mixed Platforms.Build.0 = Release|x86
		{E6A64750-EC3F-4CFD-AD17-FE10129373C7}.Release|Mixed Platforms.Deploy.0 = Release|x86
		{E6A64750-EC3F-4CFD-AD17-FE10129373C7}.Release|x86.ActiveCfg = Release|x86
		{E6A64750-EC3F-4CFD-AD17-FE10129373C7}.Release|x86.Build.0 = Release|x86
		{E6A64750-EC3F-4CFD-AD17-FE10129373C7}.Release|x86.Deploy.0 = Release|x86
		{9C98D753-D2B9-4F9C-B38C-C52671C8ABC6}.Ad-Hoc|Any CPU.ActiveCfg = Release|Any CPU
		{9C98D753-D2B9-4F9C-B38C-C52671C8ABC6}.Ad-Hoc|Any CPU.Build.0 = Release|Any CPU
		{9C98D753-D2B9-4F9C-B38C-C52671C8ABC6}.Ad-Hoc|ARM.ActiveCfg = Release|Any CPU
		{9C98D753-D2B9-4F9C-B38C-C52671C8ABC6}.Ad-Hoc|iPhone.ActiveCfg = Release|Any CPU
		{9C98D753-D2B9-4F9C-B38C-C52671C8ABC6}.Ad-Hoc|iPhoneSimulator.ActiveCfg = Release|Any CPU
		{9C98D753-D2B9-4F9C-B38C-C52671C8ABC6}.Ad-Hoc|Mixed Platforms.ActiveCfg = Release|Any CPU
		{9C98D753-D2B9-4F9C-B38C-C52671C8ABC6}.Ad-Hoc|Mixed Platforms.Build.0 = Release|Any CPU
		{9C98D753-D2B9-4F9C-B38C-C52671C8ABC6}.Ad-Hoc|x86.ActiveCfg = Release|Any CPU
		{9C98D753-D2B9-4F9C-B38C-C52671C8ABC6}.AppStore|Any CPU.ActiveCfg = Release|Any CPU
		{9C98D753-D2B9-4F9C-B38C-C52671C8ABC6}.AppStore|Any CPU.Build.0 = Release|Any CPU
		{9C98D753-D2B9-4F9C-B38C-C52671C8ABC6}.AppStore|ARM.ActiveCfg = Release|Any CPU
		{9C98D753-D2B9-4F9C-B38C-C52671C8ABC6}.AppStore|iPhone.ActiveCfg = Release|Any CPU
		{9C98D753-D2B9-4F9C-B38C-C52671C8ABC6}.AppStore|iPhoneSimulator.ActiveCfg = Release|Any CPU
		{9C98D753-D2B9-4F9C-B38C-C52671C8ABC6}.AppStore|Mixed Platforms.ActiveCfg = Release|Any CPU
		{9C98D753-D2B9-4F9C-B38C-C52671C8ABC6}.AppStore|Mixed Platforms.Build.0 = Release|Any CPU
		{9C98D753-D2B9-4F9C-B38C-C52671C8ABC6}.AppStore|x86.ActiveCfg = Release|Any CPU
		{9C98D753-D2B9-4F9C-B38C-C52671C8ABC6}.Debug|Any CPU.ActiveCfg = Debug|Any CPU
		{9C98D753-D2B9-4F9C-B38C-C52671C8ABC6}.Debug|Any CPU.Build.0 = Debug|Any CPU
		{9C98D753-D2B9-4F9C-B38C-C52671C8ABC6}.Debug|ARM.ActiveCfg = Debug|Any CPU
		{9C98D753-D2B9-4F9C-B38C-C52671C8ABC6}.Debug|iPhone.ActiveCfg = Debug|Any CPU
		{9C98D753-D2B9-4F9C-B38C-C52671C8ABC6}.Debug|iPhoneSimulator.ActiveCfg = Debug|Any CPU
		{9C98D753-D2B9-4F9C-B38C-C52671C8ABC6}.Debug|Mixed Platforms.ActiveCfg = Debug|Any CPU
		{9C98D753-D2B9-4F9C-B38C-C52671C8ABC6}.Debug|Mixed Platforms.Build.0 = Debug|Any CPU
		{9C98D753-D2B9-4F9C-B38C-C52671C8ABC6}.Debug|x86.ActiveCfg = Debug|Any CPU
		{9C98D753-D2B9-4F9C-B38C-C52671C8ABC6}.Release|Any CPU.ActiveCfg = Release|Any CPU
		{9C98D753-D2B9-4F9C-B38C-C52671C8ABC6}.Release|Any CPU.Build.0 = Release|Any CPU
		{9C98D753-D2B9-4F9C-B38C-C52671C8ABC6}.Release|ARM.ActiveCfg = Release|Any CPU
		{9C98D753-D2B9-4F9C-B38C-C52671C8ABC6}.Release|iPhone.ActiveCfg = Release|Any CPU
		{9C98D753-D2B9-4F9C-B38C-C52671C8ABC6}.Release|iPhoneSimulator.ActiveCfg = Release|Any CPU
		{9C98D753-D2B9-4F9C-B38C-C52671C8ABC6}.Release|Mixed Platforms.ActiveCfg = Release|Any CPU
		{9C98D753-D2B9-4F9C-B38C-C52671C8ABC6}.Release|Mixed Platforms.Build.0 = Release|Any CPU
		{9C98D753-D2B9-4F9C-B38C-C52671C8ABC6}.Release|x86.ActiveCfg = Release|Any CPU
	EndGlobalSection
	GlobalSection(SolutionProperties) = preSolution
		HideSolutionNode = FALSE
	EndGlobalSection
EndGlobal
